// !$*UTF8*$!
{
	archiveVersion = 1;
	classes = {
	};
	objectVersion = 46;
	objects = {

/* Begin PBXBuildFile section */
		7D460A841AB985C700057B49 /* main.m in Sources */ = {isa = PBXBuildFile; fileRef = 7D460A831AB985C700057B49 /* main.m */; };
		7D460A871AB985C700057B49 /* AppDelegate.m in Sources */ = {isa = PBXBuildFile; fileRef = 7D460A861AB985C700057B49 /* AppDelegate.m */; };
		7D460A8A1AB985C700057B49 /* ViewController.m in Sources */ = {isa = PBXBuildFile; fileRef = 7D460A891AB985C700057B49 /* ViewController.m */; };
		7D460A8D1AB985C700057B49 /* Main.storyboard in Resources */ = {isa = PBXBuildFile; fileRef = 7D460A8B1AB985C700057B49 /* Main.storyboard */; };
		7D460A8F1AB985C700057B49 /* Images.xcassets in Resources */ = {isa = PBXBuildFile; fileRef = 7D460A8E1AB985C700057B49 /* Images.xcassets */; };
		7D460A921AB985C700057B49 /* LaunchScreen.xib in Resources */ = {isa = PBXBuildFile; fileRef = 7D460A901AB985C700057B49 /* LaunchScreen.xib */; };
		7D460A9E1AB985C700057B49 /* CollectionViewDemoTests.m in Sources */ = {isa = PBXBuildFile; fileRef = 7D460A9D1AB985C700057B49 /* CollectionViewDemoTests.m */; };
		7D460AA91AB9860900057B49 /* CustomCollectionViewController.m in Sources */ = {isa = PBXBuildFile; fileRef = 7D460AA81AB9860900057B49 /* CustomCollectionViewController.m */; };
		7D460AAC1AB9869800057B49 /* MyCollectionViewCell.m in Sources */ = {isa = PBXBuildFile; fileRef = 7D460AAB1AB9869800057B49 /* MyCollectionViewCell.m */; };
		7D460AAF1AB986FA00057B49 /* MyCellBackground.m in Sources */ = {isa = PBXBuildFile; fileRef = 7D460AAE1AB986FA00057B49 /* MyCellBackground.m */; };
		7D460AB11AB988C100057B49 /* bg.png in Resources */ = {isa = PBXBuildFile; fileRef = 7D460AB01AB988C100057B49 /* bg.png */; };
		7DAFC72A1ABA6184003F4A5E /* DetailViewController.m in Sources */ = {isa = PBXBuildFile; fileRef = 7DAFC7291ABA6184003F4A5E /* DetailViewController.m */; };
/* End PBXBuildFile section */

/* Begin PBXContainerItemProxy section */
		7D460A981AB985C700057B49 /* PBXContainerItemProxy */ = {
			isa = PBXContainerItemProxy;
			containerPortal = 7D460A761AB985C700057B49 /* Project object */;
			proxyType = 1;
			remoteGlobalIDString = 7D460A7D1AB985C700057B49;
			remoteInfo = CollectionViewDemo;
		};
/* End PBXContainerItemProxy section */

/* Begin PBXFileReference section */
		7D460A7E1AB985C700057B49 /* CollectionViewDemo.app */ = {isa = PBXFileReference; explicitFileType = wrapper.application; includeInIndex = 0; path = CollectionViewDemo.app; sourceTree = BUILT_PRODUCTS_DIR; };
		7D460A821AB985C700057B49 /* Info.plist */ = {isa = PBXFileReference; lastKnownFileType = text.plist.xml; path = Info.plist; sourceTree = "<group>"; };
		7D460A831AB985C700057B49 /* main.m */ = {isa = PBXFileReference; lastKnownFileType = sourcecode.c.objc; path = main.m; sourceTree = "<group>"; };
		7D460A851AB985C700057B49 /* AppDelegate.h */ = {isa = PBXFileReference; lastKnownFileType = sourcecode.c.h; path = AppDelegate.h; sourceTree = "<group>"; };
		7D460A861AB985C700057B49 /* AppDelegate.m */ = {isa = PBXFileReference; lastKnownFileType = sourcecode.c.objc; path = AppDelegate.m; sourceTree = "<group>"; };
		7D460A881AB985C700057B49 /* ViewController.h */ = {isa = PBXFileReference; lastKnownFileType = sourcecode.c.h; path = ViewController.h; sourceTree = "<group>"; };
		7D460A891AB985C700057B49 /* ViewController.m */ = {isa = PBXFileReference; lastKnownFileType = sourcecode.c.objc; path = ViewController.m; sourceTree = "<group>"; };
		7D460A8C1AB985C700057B49 /* Base */ = {isa = PBXFileReference; lastKnownFileType = file.storyboard; name = Base; path = Base.lproj/Main.storyboard; sourceTree = "<group>"; };
		7D460A8E1AB985C700057B49 /* Images.xcassets */ = {isa = PBXFileReference; lastKnownFileType = folder.assetcatalog; path = Images.xcassets; sourceTree = "<group>"; };
		7D460A911AB985C700057B49 /* Base */ = {isa = PBXFileReference; lastKnownFileType = file.xib; name = Base; path = Base.lproj/LaunchScreen.xib; sourceTree = "<group>"; };
		7D460A971AB985C700057B49 /* CollectionViewDemoTests.xctest */ = {isa = PBXFileReference; explicitFileType = wrapper.cfbundle; includeInIndex = 0; path = CollectionViewDemoTests.xctest; sourceTree = BUILT_PRODUCTS_DIR; };
		7D460A9C1AB985C700057B49 /* Info.plist */ = {isa = PBXFileReference; lastKnownFileType = text.plist.xml; path = Info.plist; sourceTree = "<group>"; };
		7D460A9D1AB985C700057B49 /* CollectionViewDemoTests.m */ = {isa = PBXFileReference; lastKnownFileType = sourcecode.c.objc; path = CollectionViewDemoTests.m; sourceTree = "<group>"; };
		7D460AA71AB9860900057B49 /* CustomCollectionViewController.h */ = {isa = PBXFileReference; fileEncoding = 4; lastKnownFileType = sourcecode.c.h; path = CustomCollectionViewController.h; sourceTree = "<group>"; };
		7D460AA81AB9860900057B49 /* CustomCollectionViewController.m */ = {isa = PBXFileReference; fileEncoding = 4; lastKnownFileType = sourcecode.c.objc; path = CustomCollectionViewController.m; sourceTree = "<group>"; };
		7D460AAA1AB9869800057B49 /* MyCollectionViewCell.h */ = {isa = PBXFileReference; fileEncoding = 4; lastKnownFileType = sourcecode.c.h; path = MyCollectionViewCell.h; sourceTree = "<group>"; };
		7D460AAB1AB9869800057B49 /* MyCollectionViewCell.m */ = {isa = PBXFileReference; fileEncoding = 4; lastKnownFileType = sourcecode.c.objc; path = MyCollectionViewCell.m; sourceTree = "<group>"; };
		7D460AAD1AB986FA00057B49 /* MyCellBackground.h */ = {isa = PBXFileReference; fileEncoding = 4; lastKnownFileType = sourcecode.c.h; path = MyCellBackground.h; sourceTree = "<group>"; };
		7D460AAE1AB986FA00057B49 /* MyCellBackground.m */ = {isa = PBXFileReference; fileEncoding = 4; lastKnownFileType = sourcecode.c.objc; path = MyCellBackground.m; sourceTree = "<group>"; };
		7D460AB01AB988C100057B49 /* bg.png */ = {isa = PBXFileReference; lastKnownFileType = image.png; path = bg.png; sourceTree = "<group>"; };
		7DAFC7281ABA6184003F4A5E /* DetailViewController.h */ = {isa = PBXFileReference; fileEncoding = 4; lastKnownFileType = sourcecode.c.h; path = DetailViewController.h; sourceTree = "<group>"; };
		7DAFC7291ABA6184003F4A5E /* DetailViewController.m */ = {isa = PBXFileReference; fileEncoding = 4; lastKnownFileType = sourcecode.c.objc; path = DetailViewController.m; sourceTree = "<group>"; };
/* End PBXFileReference section */

/* Begin PBXFrameworksBuildPhase section */
		7D460A7B1AB985C700057B49 /* Frameworks */ = {
			isa = PBXFrameworksBuildPhase;
			buildActionMask = 2147483647;
			files = (
			);
			runOnlyForDeploymentPostprocessing = 0;
		};
		7D460A941AB985C700057B49 /* Frameworks */ = {
			isa = PBXFrameworksBuildPhase;
			buildActionMask = 2147483647;
			files = (
			);
			runOnlyForDeploymentPostprocessing = 0;
		};
/* End PBXFrameworksBuildPhase section */

/* Begin PBXGroup section */
		7D460A751AB985C700057B49 = {
			isa = PBXGroup;
			children = (
				7D460AB01AB988C100057B49 /* bg.png */,
				7D460A801AB985C700057B49 /* CollectionViewDemo */,
				7D460A9A1AB985C700057B49 /* CollectionViewDemoTests */,
				7D460A7F1AB985C700057B49 /* Products */,
			);
			sourceTree = "<group>";
		};
		7D460A7F1AB985C700057B49 /* Products */ = {
			isa = PBXGroup;
			children = (
				7D460A7E1AB985C700057B49 /* CollectionViewDemo.app */,
				7D460A971AB985C700057B49 /* CollectionViewDemoTests.xctest */,
			);
			name = Products;
			sourceTree = "<group>";
		};
		7D460A801AB985C700057B49 /* CollectionViewDemo */ = {
			isa = PBXGroup;
			children = (
				7D460A851AB985C700057B49 /* AppDelegate.h */,
				7D460A861AB985C700057B49 /* AppDelegate.m */,
				7D460A881AB985C700057B49 /* ViewController.h */,
				7D460A891AB985C700057B49 /* ViewController.m */,
				7D460AA71AB9860900057B49 /* CustomCollectionViewController.h */,
				7D460AA81AB9860900057B49 /* CustomCollectionViewController.m */,
				7D460AAA1AB9869800057B49 /* MyCollectionViewCell.h */,
				7D460AAB1AB9869800057B49 /* MyCollectionViewCell.m */,
				7D460AAD1AB986FA00057B49 /* MyCellBackground.h */,
				7D460AAE1AB986FA00057B49 /* MyCellBackground.m */,
				7DAFC7281ABA6184003F4A5E /* DetailViewController.h */,
				7DAFC7291ABA6184003F4A5E /* DetailViewController.m */,
				7D460A8B1AB985C700057B49 /* Main.storyboard */,
				7D460A8E1AB985C700057B49 /* Images.xcassets */,
				7D460A901AB985C700057B49 /* LaunchScreen.xib */,
				7D460A811AB985C700057B49 /* Supporting Files */,
			);
			path = CollectionViewDemo;
			sourceTree = "<group>";
		};
		7D460A811AB985C700057B49 /* Supporting Files */ = {
			isa = PBXGroup;
			children = (
				7D460A821AB985C700057B49 /* Info.plist */,
				7D460A831AB985C700057B49 /* main.m */,
			);
			name = "Supporting Files";
			sourceTree = "<group>";
		};
		7D460A9A1AB985C700057B49 /* CollectionViewDemoTests */ = {
			isa = PBXGroup;
			children = (
				7D460A9D1AB985C700057B49 /* CollectionViewDemoTests.m */,
				7D460A9B1AB985C700057B49 /* Supporting Files */,
			);
			path = CollectionViewDemoTests;
			sourceTree = "<group>";
		};
		7D460A9B1AB985C700057B49 /* Supporting Files */ = {
			isa = PBXGroup;
			children = (
				7D460A9C1AB985C700057B49 /* Info.plist */,
			);
			name = "Supporting Files";
			sourceTree = "<group>";
		};
/* End PBXGroup section */

/* Begin PBXNativeTarget section */
		7D460A7D1AB985C700057B49 /* CollectionViewDemo */ = {
			isa = PBXNativeTarget;
			buildConfigurationList = 7D460AA11AB985C700057B49 /* Build configuration list for PBXNativeTarget "CollectionViewDemo" */;
			buildPhases = (
				7D460A7A1AB985C700057B49 /* Sources */,
				7D460A7B1AB985C700057B49 /* Frameworks */,
				7D460A7C1AB985C700057B49 /* Resources */,
			);
			buildRules = (
			);
			dependencies = (
			);
			name = CollectionViewDemo;
			productName = CollectionViewDemo;
			productReference = 7D460A7E1AB985C700057B49 /* CollectionViewDemo.app */;
			productType = "com.apple.product-type.application";
		};
		7D460A961AB985C700057B49 /* CollectionViewDemoTests */ = {
			isa = PBXNativeTarget;
			buildConfigurationList = 7D460AA41AB985C700057B49 /* Build configuration list for PBXNativeTarget "CollectionViewDemoTests" */;
			buildPhases = (
				7D460A931AB985C700057B49 /* Sources */,
				7D460A941AB985C700057B49 /* Frameworks */,
				7D460A951AB985C700057B49 /* Resources */,
			);
			buildRules = (
			);
			dependencies = (
				7D460A991AB985C700057B49 /* PBXTargetDependency */,
			);
			name = CollectionViewDemoTests;
			productName = CollectionViewDemoTests;
			productReference = 7D460A971AB985C700057B49 /* CollectionViewDemoTests.xctest */;
			productType = "com.apple.product-type.bundle.unit-test";
		};
/* End PBXNativeTarget section */

/* Begin PBXProject section */
		7D460A761AB985C700057B49 /* Project object */ = {
			isa = PBXProject;
			attributes = {
				LastUpgradeCheck = 0610;
				ORGANIZATIONNAME = skyzizhu;
				TargetAttributes = {
					7D460A7D1AB985C700057B49 = {
						CreatedOnToolsVersion = 6.1;
					};
					7D460A961AB985C700057B49 = {
						CreatedOnToolsVersion = 6.1;
						TestTargetID = 7D460A7D1AB985C700057B49;
					};
				};
			};
			buildConfigurationList = 7D460A791AB985C700057B49 /* Build configuration list for PBXProject "CollectionViewDemo" */;
			compatibilityVersion = "Xcode 3.2";
			developmentRegion = English;
			hasScannedForEncodings = 0;
			knownRegions = (
				en,
				Base,
			);
			mainGroup = 7D460A751AB985C700057B49;
			productRefGroup = 7D460A7F1AB985C700057B49 /* Products */;
			projectDirPath = "";
			projectRoot = "";
			targets = (
				7D460A7D1AB985C700057B49 /* CollectionViewDemo */,
				7D460A961AB985C700057B49 /* CollectionViewDemoTests */,
			);
		};
/* End PBXProject section */

/* Begin PBXResourcesBuildPhase section */
		7D460A7C1AB985C700057B49 /* Resources */ = {
			isa = PBXResourcesBuildPhase;
			buildActionMask = 2147483647;
			files = (
				7D460A8D1AB985C700057B49 /* Main.storyboard in Resources */,
				7D460A921AB985C700057B49 /* LaunchScreen.xib in Resources */,
				7D460AB11AB988C100057B49 /* bg.png in Resources */,
				7D460A8F1AB985C700057B49 /* Images.xcassets in Resources */,
			);
			runOnlyForDeploymentPostprocessing = 0;
		};
		7D460A951AB985C700057B49 /* Resources */ = {
			isa = PBXResourcesBuildPhase;
			buildActionMask = 2147483647;
			files = (
			);
			runOnlyForDeploymentPostprocessing = 0;
		};
/* End PBXResourcesBuildPhase section */

/* Begin PBXSourcesBuildPhase section */
		7D460A7A1AB985C700057B49 /* Sources */ = {
			isa = PBXSourcesBuildPhase;
			buildActionMask = 2147483647;
			files = (
				7D460A8A1AB985C700057B49 /* ViewController.m in Sources */,
				7D460A871AB985C700057B49 /* AppDelegate.m in Sources */,
				7D460AA91AB9860900057B49 /* CustomCollectionViewController.m in Sources */,
				7D460A841AB985C700057B49 /* main.m in Sources */,
				7D460AAC1AB9869800057B49 /* MyCollectionViewCell.m in Sources */,
				7D460AAF1AB986FA00057B49 /* MyCellBackground.m in Sources */,
				7DAFC72A1ABA6184003F4A5E /* DetailViewController.m in Sources */,
			);
			runOnlyForDeploymentPostprocessing = 0;
		};
		7D460A931AB985C700057B49 /* Sources */ = {
			isa = PBXSourcesBuildPhase;
			buildActionMask = 2147483647;
			files = (
				7D460A9E1AB985C700057B49 /* CollectionViewDemoTests.m in Sources */,
			);
			runOnlyForDeploymentPostprocessing = 0;
		};
/* End PBXSourcesBuildPhase section */

/* Begin PBXTargetDependency section */
		7D460A991AB985C700057B49 /* PBXTargetDependency */ = {
			isa = PBXTargetDependency;
			target = 7D460A7D1AB985C700057B49 /* CollectionViewDemo */;
			targetProxy = 7D460A981AB985C700057B49 /* PBXContainerItemProxy */;
		};
/* End PBXTargetDependency section */

/* Begin PBXVariantGroup section */
		7D460A8B1AB985C700057B49 /* Main.storyboard */ = {
			isa = PBXVariantGroup;
			children = (
				7D460A8C1AB985C700057B49 /* Base */,
			);
			name = Main.storyboard;
			sourceTree = "<group>";
		};
		7D460A901AB985C700057B49 /* LaunchScreen.xib */ = {
			isa = PBXVariantGroup;
			children = (
				7D460A911AB985C700057B49 /* Base */,
			);
			name = LaunchScreen.xib;
			sourceTree = "<group>";
		};
/* End PBXVariantGroup section */

/* Begin XCBuildConfiguration section */
		7D460A9F1AB985C700057B49 /* Debug */ = {
			isa = XCBuildConfiguration;
			buildSettings = {
				ALWAYS_SEARCH_USER_PATHS = NO;
				CLANG_CXX_LANGUAGE_STANDARD = "gnu++0x";
				CLANG_CXX_LIBRARY = "libc++";
				CLANG_ENABLE_MODULES = YES;
				CLANG_ENABLE_OBJC_ARC = YES;
				CLANG_WARN_BOOL_CONVERSION = YES;
				CLANG_WARN_CONSTANT_CONVERSION = YES;
				CLANG_WARN_DIRECT_OBJC_ISA_USAGE = YES_ERROR;
				CLANG_WARN_EMPTY_BODY = YES;
				CLANG_WARN_ENUM_CONVERSION = YES;
				CLANG_WARN_INT_CONVERSION = YES;
				CLANG_WARN_OBJC_ROOT_CLASS = YES_ERROR;
				CLANG_WARN_UNREACHABLE_CODE = YES;
				CLANG_WARN__DUPLICATE_METHOD_MATCH = YES;
				"CODE_SIGN_IDENTITY[sdk=iphoneos*]" = "iPhone Developer";
				COPY_PHASE_STRIP = NO;
				ENABLE_STRICT_OBJC_MSGSEND = YES;
				GCC_C_LANGUAGE_STANDARD = gnu99;
				GCC_DYNAMIC_NO_PIC = NO;
				GCC_OPTIMIZATION_LEVEL = 0;
				GCC_PREPROCESSOR_DEFINITIONS = (
					"DEBUG=1",
					"$(inherited)",
				);
				GCC_SYMBOLS_PRIVATE_EXTERN = NO;
				GCC_WARN_64_TO_32_BIT_CONVERSION = YES;
				GCC_WARN_ABOUT_RETURN_TYPE = YES_ERROR;
				GCC_WARN_UNDECLARED_SELECTOR = YES;
				GCC_WARN_UNINITIALIZED_AUTOS = YES_AGGRESSIVE;
				GCC_WARN_UNUSED_FUNCTION = YES;
				GCC_WARN_UNUSED_VARIABLE = YES;
				IPHONEOS_DEPLOYMENT_TARGET = 8.1;
				MTL_ENABLE_DEBUG_INFO = YES;
				ONLY_ACTIVE_ARCH = YES;
				SDKROOT = iphoneos;
			};
			name = Debug;
		};
		7D460AA01AB985C700057B49 /* Release */ = {
			isa = XCBuildConfiguration;
			buildSettings = {
				ALWAYS_SEARCH_USER_PATHS = NO;
				CLANG_CXX_LANGUAGE_STANDARD = "gnu++0x";
				CLANG_CXX_LIBRARY = "libc++";
				CLANG_ENABLE_MODULES = YES;
				CLANG_ENABLE_OBJC_ARC = YES;
				CLANG_WARN_BOOL_CONVERSION = YES;
				CLANG_WARN_CONSTANT_CONVERSION = YES;
				CLANG_WARN_DIRECT_OBJC_ISA_USAGE = YES_ERROR;
				CLANG_WARN_EMPTY_BODY = YES;
				CLANG_WARN_ENUM_CONVERSION = YES;
				CLANG_WARN_INT_CONVERSION = YES;
				CLANG_WARN_OBJC_ROOT_CLASS = YES_ERROR;
				CLANG_WARN_UNREACHABLE_CODE = YES;
				CLANG_WARN__DUPLICATE_METHOD_MATCH = YES;
				"CODE_SIGN_IDENTITY[sdk=iphoneos*]" = "iPhone Developer";
				COPY_PHASE_STRIP = YES;
				ENABLE_NS_ASSERTIONS = NO;
				ENABLE_STRICT_OBJC_MSGSEND = YES;
				GCC_C_LANGUAGE_STANDARD = gnu99;
				GCC_WARN_64_TO_32_BIT_CONVERSION = YES;
				GCC_WARN_ABOUT_RETURN_TYPE = YES_ERROR;
				GCC_WARN_UNDECLARED_SELECTOR = YES;
				GCC_WARN_UNINITIALIZED_AUTOS = YES_AGGRESSIVE;
				GCC_WARN_UNUSED_FUNCTION = YES;
				GCC_WARN_UNUSED_VARIABLE = YES;
				IPHONEOS_DEPLOYMENT_TARGET = 8.1;
				MTL_ENABLE_DEBUG_INFO = NO;
				SDKROOT = iphoneos;
				VALIDATE_PRODUCT = YES;
			};
			name = Release;
		};
		7D460AA21AB985C700057B49 /* Debug */ = {
			isa = XCBuildConfiguration;
			buildSettings = {
				ASSETCATALOG_COMPILER_APPICON_NAME = AppIcon;
				INFOPLIST_FILE = CollectionViewDemo/Info.plist;
				LD_RUNPATH_SEARCH_PATHS = "$(inherited) @executable_path/Frameworks";
				PRODUCT_NAME = "$(TARGET_NAME)";
			};
			name = Debug;
		};
		7D460AA31AB985C700057B49 /* Release */ = {
			isa = XCBuildConfiguration;
			buildSettings = {
				ASSETCATALOG_COMPILER_APPICON_NAME = AppIcon;
				INFOPLIST_FILE = CollectionViewDemo/Info.plist;
				LD_RUNPATH_SEARCH_PATHS = "$(inherited) @executable_path/Frameworks";
				PRODUCT_NAME = "$(TARGET_NAME)";
			};
			name = Release;
		};
		7D460AA51AB985C700057B49 /* Debug */ = {
			isa = XCBuildConfiguration;
			buildSettings = {
				BUNDLE_LOADER = "$(TEST_HOST)";
				FRAMEWORK_SEARCH_PATHS = (
					"$(SDKROOT)/Developer/Library/Frameworks",
					"$(inherited)",
				);
				GCC_PREPROCESSOR_DEFINITIONS = (
					"DEBUG=1",
					"$(inherited)",
				);
				INFOPLIST_FILE = CollectionViewDemoTests/Info.plist;
				LD_RUNPATH_SEARCH_PATHS = "$(inherited) @executable_path/Frameworks @loader_path/Frameworks";
				PRODUCT_NAME = "$(TARGET_NAME)";
				TEST_HOST = "$(BUILT_PRODUCTS_DIR)/CollectionViewDemo.app/CollectionViewDemo";
			};
			name = Debug;
		};
		7D460AA61AB985C700057B49 /* Release */ = {
			isa = XCBuildConfiguration;
			buildSettings = {
				BUNDLE_LOADER = "$(TEST_HOST)";
				FRAMEWORK_SEARCH_PATHS = (
					"$(SDKROOT)/Developer/Library/Frameworks",
					"$(inherited)",
				);
				INFOPLIST_FILE = CollectionViewDemoTests/Info.plist;
				LD_RUNPATH_SEARCH_PATHS = "$(inherited) @executable_path/Frameworks @loader_path/Frameworks";
				PRODUCT_NAME = "$(TARGET_NAME)";
				TEST_HOST = "$(BUILT_PRODUCTS_DIR)/CollectionViewDemo.app/CollectionViewDemo";
			};
			name = Release;
		};
/* End XCBuildConfiguration section */

/* Begin XCConfigurationList section */
		7D460A791AB985C700057B49 /* Build configuration list for PBXProject "CollectionViewDemo" */ = {
			isa = XCConfigurationList;
			buildConfigurations = (
				7D460A9F1AB985C700057B49 /* Debug */,
				7D460AA01AB985C700057B49 /* Release */,
			);
			defaultConfigurationIsVisible = 0;
			defaultConfigurationName = Release;
		};
		7D460AA11AB985C700057B49 /* Build configuration list for PBXNativeTarget "CollectionViewDemo" */ = {
			isa = XCConfigurationList;
			buildConfigurations = (
				7D460AA21AB985C700057B49 /* Debug */,
				7D460AA31AB985C700057B49 /* Release */,
			);
			defaultConfigurationIsVisible = 0;
			defaultConfigurationName = Release;
		};
		7D460AA41AB985C700057B49 /* Build configuration list for PBXNativeTarget "CollectionViewDemoTests" */ = {
			isa = XCConfigurationList;
			buildConfigurations = (
				7D460AA51AB985C700057B49 /* Debug */,
				7D460AA61AB985C700057B49 /* Release */,
			);
			defaultConfigurationIsVisible = 0;
			defaultConfigurationName = Release;
		};
/* End XCConfigurationList section */
	};
	rootObject = 7D460A761AB985C700057B49 /* Project object */;
}
